// !$*UTF8*$!
{
	archiveVersion = 1;
	classes = {
	};
	objectVersion = 55;
	objects = {

/* Begin PBXBuildFile section */
		0419426E2714DD0100C65B09 /* TestingExtensions.framework in Frameworks */ = {isa = PBXBuildFile; fileRef = 047CD11D2714D7980068AA8C /* TestingExtensions.framework */; };
		041FBAB2271471580083DB99 /* Item.swift in Sources */ = {isa = PBXBuildFile; fileRef = 041FBAB1271471580083DB99 /* Item.swift */; };
		041FBAB4271471C10083DB99 /* ViewModel.swift in Sources */ = {isa = PBXBuildFile; fileRef = 041FBAB3271471C10083DB99 /* ViewModel.swift */; };
		041FBAE5271474360083DB99 /* GuardianBackend.framework in Frameworks */ = {isa = PBXBuildFile; fileRef = 041FBADD271474360083DB99 /* GuardianBackend.framework */; };
		041FBAED271474360083DB99 /* GuardianBackend.h in Headers */ = {isa = PBXBuildFile; fileRef = 041FBADF271474360083DB99 /* GuardianBackend.h */; settings = {ATTRIBUTES = (Public, ); }; };
		041FBAF0271474360083DB99 /* GuardianBackend.framework in Frameworks */ = {isa = PBXBuildFile; fileRef = 041FBADD271474360083DB99 /* GuardianBackend.framework */; };
		041FBAF1271474360083DB99 /* GuardianBackend.framework in Embed Frameworks */ = {isa = PBXBuildFile; fileRef = 041FBADD271474360083DB99 /* GuardianBackend.framework */; settings = {ATTRIBUTES = (CodeSignOnCopy, RemoveHeadersOnCopy, ); }; };
		041FBAF9271474440083DB99 /* GuardianAPI.swift in Sources */ = {isa = PBXBuildFile; fileRef = 0440295E270E19FB007D3C5D /* GuardianAPI.swift */; };
		041FBAFA271474440083DB99 /* RecipeResponse.swift in Sources */ = {isa = PBXBuildFile; fileRef = 04402966270F56B9007D3C5D /* RecipeResponse.swift */; };
		041FBAFB271474440083DB99 /* APIProvider.swift in Sources */ = {isa = PBXBuildFile; fileRef = 04402974271074AC007D3C5D /* APIProvider.swift */; };
		041FBAFC271474510083DB99 /* MockApiProvider.swift in Sources */ = {isa = PBXBuildFile; fileRef = 0440296C270F8302007D3C5D /* MockApiProvider.swift */; };
		041FBAFE2714747D0083DB99 /* SampleRecipeList.swift in Sources */ = {isa = PBXBuildFile; fileRef = 0440295C270E107E007D3C5D /* SampleRecipeList.swift */; };
		041FBB01271478C70083DB99 /* sampleEmpty.json in Resources */ = {isa = PBXBuildFile; fileRef = 0440296E2710500F007D3C5D /* sampleEmpty.json */; };
		041FBB0327147E030083DB99 /* sampleFull.json in Resources */ = {isa = PBXBuildFile; fileRef = 041FBB0227147E030083DB99 /* sampleFull.json */; };
		041FBB0827147F830083DB99 /* GuardianAPITests.swift in Sources */ = {isa = PBXBuildFile; fileRef = 0440293F270DFCA3007D3C5D /* GuardianAPITests.swift */; };
		041FBB0C271481C60083DB99 /* ReceipeList.swift in Sources */ = {isa = PBXBuildFile; fileRef = 041FBB0B271481C60083DB99 /* ReceipeList.swift */; };
		041FBB0E271481D60083DB99 /* ReceipeDetail.swift in Sources */ = {isa = PBXBuildFile; fileRef = 041FBB0D271481D60083DB99 /* ReceipeDetail.swift */; };
		041FBB14271484D70083DB99 /* ScreenModel.swift in Sources */ = {isa = PBXBuildFile; fileRef = 041FBB13271484D70083DB99 /* ScreenModel.swift */; };
		042A013727149C3F00124999 /* DetailItem.swift in Sources */ = {isa = PBXBuildFile; fileRef = 042A013627149C3F00124999 /* DetailItem.swift */; };
		0440292F270DFCA1007D3C5D /* GuardianApp.swift in Sources */ = {isa = PBXBuildFile; fileRef = 0440292E270DFCA1007D3C5D /* GuardianApp.swift */; };
		04402931270DFCA1007D3C5D /* ContentView.swift in Sources */ = {isa = PBXBuildFile; fileRef = 04402930270DFCA1007D3C5D /* ContentView.swift */; };
		04402933270DFCA3007D3C5D /* Assets.xcassets in Resources */ = {isa = PBXBuildFile; fileRef = 04402932270DFCA3007D3C5D /* Assets.xcassets */; };
		04402936270DFCA3007D3C5D /* Preview Assets.xcassets in Resources */ = {isa = PBXBuildFile; fileRef = 04402935270DFCA3007D3C5D /* Preview Assets.xcassets */; };
		0440294A270DFCA3007D3C5D /* GuardianUITests.swift in Sources */ = {isa = PBXBuildFile; fileRef = 04402949270DFCA3007D3C5D /* GuardianUITests.swift */; };
		04402959270DFE89007D3C5D /* RecipeList.swift in Sources */ = {isa = PBXBuildFile; fileRef = 04402958270DFE89007D3C5D /* RecipeList.swift */; };
		0440295B270DFFD7007D3C5D /* RecipeCell.swift in Sources */ = {isa = PBXBuildFile; fileRef = 0440295A270DFFD7007D3C5D /* RecipeCell.swift */; };
		04402969270F7CB9007D3C5D /* UITestCase.swift in Sources */ = {isa = PBXBuildFile; fileRef = 04402968270F7CB9007D3C5D /* UITestCase.swift */; };
		0440296B270F7D7B007D3C5D /* RecipeDetail.swift in Sources */ = {isa = PBXBuildFile; fileRef = 0440296A270F7D7B007D3C5D /* RecipeDetail.swift */; };
		044029772710790C007D3C5D /* TextOverlay.swift in Sources */ = {isa = PBXBuildFile; fileRef = 044029762710790C007D3C5D /* TextOverlay.swift */; };
		047CD1032714B7460068AA8C /* LoadingIndicator.swift in Sources */ = {isa = PBXBuildFile; fileRef = 047CD1022714B7460068AA8C /* LoadingIndicator.swift */; };
		047CD1292714D7B60068AA8C /* XCTestCase+Combine.swift in Sources */ = {isa = PBXBuildFile; fileRef = 044029702710525E007D3C5D /* XCTestCase+Combine.swift */; };
		047CD12A2714D7B60068AA8C /* XCTestCase+Matchers.swift in Sources */ = {isa = PBXBuildFile; fileRef = 044029722710702E007D3C5D /* XCTestCase+Matchers.swift */; };
		047CD12C2714D7E30068AA8C /* XCTest.framework in Frameworks */ = {isa = PBXBuildFile; fileRef = 047CD12B2714D7E30068AA8C /* XCTest.framework */; };
		048D1BFE27149F89004A5122 /* AsyncImageWithPlaceholder.swift in Sources */ = {isa = PBXBuildFile; fileRef = 048D1BFD27149F89004A5122 /* AsyncImageWithPlaceholder.swift */; };
		04D937DB27156C30002DEB55 /* ReceipeListTests.swift in Sources */ = {isa = PBXBuildFile; fileRef = 04D937DA27156C30002DEB55 /* ReceipeListTests.swift */; };
		04D937DE27157A7A002DEB55 /* TestingExtensions.framework in Frameworks */ = {isa = PBXBuildFile; fileRef = 047CD11D2714D7980068AA8C /* TestingExtensions.framework */; };
		04D937E027157E9C002DEB55 /* AppExtensions.swift in Sources */ = {isa = PBXBuildFile; fileRef = 04D937DF27157E9C002DEB55 /* AppExtensions.swift */; };
		04D937E227158079002DEB55 /* sampleWrongFormat.json in Resources */ = {isa = PBXBuildFile; fileRef = 04D937E127158079002DEB55 /* sampleWrongFormat.json */; };
		04D937E4271583DC002DEB55 /* RecipeResponseTests.swift in Sources */ = {isa = PBXBuildFile; fileRef = 04D937E3271583DC002DEB55 /* RecipeResponseTests.swift */; };
		04D937E627158942002DEB55 /* RecipeListConversionTests.swift in Sources */ = {isa = PBXBuildFile; fileRef = 04D937E527158942002DEB55 /* RecipeListConversionTests.swift */; };
		04D937E82715A195002DEB55 /* Publisher+Testing.swift in Sources */ = {isa = PBXBuildFile; fileRef = 04D937E72715A195002DEB55 /* Publisher+Testing.swift */; };
/* End PBXBuildFile section */

/* Begin PBXContainerItemProxy section */
		041FBAE6271474360083DB99 /* PBXContainerItemProxy */ = {
			isa = PBXContainerItemProxy;
			containerPortal = 04402923270DFCA1007D3C5D /* Project object */;
			proxyType = 1;
			remoteGlobalIDString = 041FBADC271474360083DB99;
			remoteInfo = GuardianBackend;
		};
		041FBAE8271474360083DB99 /* PBXContainerItemProxy */ = {
			isa = PBXContainerItemProxy;
			containerPortal = 04402923270DFCA1007D3C5D /* Project object */;
			proxyType = 1;
			remoteGlobalIDString = 0440292A270DFCA1007D3C5D;
			remoteInfo = Guardian;
		};
		041FBAEE271474360083DB99 /* PBXContainerItemProxy */ = {
			isa = PBXContainerItemProxy;
			containerPortal = 04402923270DFCA1007D3C5D /* Project object */;
			proxyType = 1;
			remoteGlobalIDString = 041FBADC271474360083DB99;
			remoteInfo = GuardianBackend;
		};
		04402946270DFCA3007D3C5D /* PBXContainerItemProxy */ = {
			isa = PBXContainerItemProxy;
			containerPortal = 04402923270DFCA1007D3C5D /* Project object */;
			proxyType = 1;
			remoteGlobalIDString = 0440292A270DFCA1007D3C5D;
			remoteInfo = Guardian;
		};
		04D937D527156C11002DEB55 /* PBXContainerItemProxy */ = {
			isa = PBXContainerItemProxy;
			containerPortal = 04402923270DFCA1007D3C5D /* Project object */;
			proxyType = 1;
			remoteGlobalIDString = 0440292A270DFCA1007D3C5D;
			remoteInfo = Guardian;
		};
		04D937DC27157A6F002DEB55 /* PBXContainerItemProxy */ = {
			isa = PBXContainerItemProxy;
			containerPortal = 04402923270DFCA1007D3C5D /* Project object */;
			proxyType = 1;
			remoteGlobalIDString = 047CD11C2714D7980068AA8C;
			remoteInfo = TestingExtensions;
		};
/* End PBXContainerItemProxy section */

/* Begin PBXCopyFilesBuildPhase section */
		041FBAF2271474360083DB99 /* Embed Frameworks */ = {
			isa = PBXCopyFilesBuildPhase;
			buildActionMask = 2147483647;
			dstPath = "";
			dstSubfolderSpec = 10;
			files = (
				041FBAF1271474360083DB99 /* GuardianBackend.framework in Embed Frameworks */,
			);
			name = "Embed Frameworks";
			runOnlyForDeploymentPostprocessing = 0;
		};
/* End PBXCopyFilesBuildPhase section */

/* Begin PBXFileReference section */
		041FBAB1271471580083DB99 /* Item.swift */ = {isa = PBXFileReference; lastKnownFileType = sourcecode.swift; path = Item.swift; sourceTree = "<group>"; };
		041FBAB3271471C10083DB99 /* ViewModel.swift */ = {isa = PBXFileReference; lastKnownFileType = sourcecode.swift; path = ViewModel.swift; sourceTree = "<group>"; };
		041FBADD271474360083DB99 /* GuardianBackend.framework */ = {isa = PBXFileReference; explicitFileType = wrapper.framework; includeInIndex = 0; path = GuardianBackend.framework; sourceTree = BUILT_PRODUCTS_DIR; };
		041FBADF271474360083DB99 /* GuardianBackend.h */ = {isa = PBXFileReference; lastKnownFileType = sourcecode.c.h; path = GuardianBackend.h; sourceTree = "<group>"; };
		041FBAE4271474360083DB99 /* GuardianBackendTests.xctest */ = {isa = PBXFileReference; explicitFileType = wrapper.cfbundle; includeInIndex = 0; path = GuardianBackendTests.xctest; sourceTree = BUILT_PRODUCTS_DIR; };
		041FBB0227147E030083DB99 /* sampleFull.json */ = {isa = PBXFileReference; lastKnownFileType = text.json; path = sampleFull.json; sourceTree = "<group>"; };
		041FBB0B271481C60083DB99 /* ReceipeList.swift */ = {isa = PBXFileReference; lastKnownFileType = sourcecode.swift; path = ReceipeList.swift; sourceTree = "<group>"; };
		041FBB0D271481D60083DB99 /* ReceipeDetail.swift */ = {isa = PBXFileReference; lastKnownFileType = sourcecode.swift; path = ReceipeDetail.swift; sourceTree = "<group>"; };
		041FBB13271484D70083DB99 /* ScreenModel.swift */ = {isa = PBXFileReference; lastKnownFileType = sourcecode.swift; path = ScreenModel.swift; sourceTree = "<group>"; };
		042A013627149C3F00124999 /* DetailItem.swift */ = {isa = PBXFileReference; lastKnownFileType = sourcecode.swift; path = DetailItem.swift; sourceTree = "<group>"; };
		0440292B270DFCA1007D3C5D /* Guardian.app */ = {isa = PBXFileReference; explicitFileType = wrapper.application; includeInIndex = 0; path = Guardian.app; sourceTree = BUILT_PRODUCTS_DIR; };
		0440292E270DFCA1007D3C5D /* GuardianApp.swift */ = {isa = PBXFileReference; lastKnownFileType = sourcecode.swift; path = GuardianApp.swift; sourceTree = "<group>"; };
		04402930270DFCA1007D3C5D /* ContentView.swift */ = {isa = PBXFileReference; lastKnownFileType = sourcecode.swift; path = ContentView.swift; sourceTree = "<group>"; };
		04402932270DFCA3007D3C5D /* Assets.xcassets */ = {isa = PBXFileReference; lastKnownFileType = folder.assetcatalog; path = Assets.xcassets; sourceTree = "<group>"; };
		04402935270DFCA3007D3C5D /* Preview Assets.xcassets */ = {isa = PBXFileReference; lastKnownFileType = folder.assetcatalog; path = "Preview Assets.xcassets"; sourceTree = "<group>"; };
		0440293F270DFCA3007D3C5D /* GuardianAPITests.swift */ = {isa = PBXFileReference; lastKnownFileType = sourcecode.swift; path = GuardianAPITests.swift; sourceTree = "<group>"; };
		04402945270DFCA3007D3C5D /* GuardianUITests.xctest */ = {isa = PBXFileReference; explicitFileType = wrapper.cfbundle; includeInIndex = 0; path = GuardianUITests.xctest; sourceTree = BUILT_PRODUCTS_DIR; };
		04402949270DFCA3007D3C5D /* GuardianUITests.swift */ = {isa = PBXFileReference; lastKnownFileType = sourcecode.swift; path = GuardianUITests.swift; sourceTree = "<group>"; };
		04402958270DFE89007D3C5D /* RecipeList.swift */ = {isa = PBXFileReference; lastKnownFileType = sourcecode.swift; path = RecipeList.swift; sourceTree = "<group>"; };
		0440295A270DFFD7007D3C5D /* RecipeCell.swift */ = {isa = PBXFileReference; lastKnownFileType = sourcecode.swift; path = RecipeCell.swift; sourceTree = "<group>"; };
		0440295C270E107E007D3C5D /* SampleRecipeList.swift */ = {isa = PBXFileReference; lastKnownFileType = sourcecode.swift; path = SampleRecipeList.swift; sourceTree = "<group>"; };
		0440295E270E19FB007D3C5D /* GuardianAPI.swift */ = {isa = PBXFileReference; lastKnownFileType = sourcecode.swift; path = GuardianAPI.swift; sourceTree = "<group>"; };
		04402966270F56B9007D3C5D /* RecipeResponse.swift */ = {isa = PBXFileReference; lastKnownFileType = sourcecode.swift; path = RecipeResponse.swift; sourceTree = "<group>"; };
		04402968270F7CB9007D3C5D /* UITestCase.swift */ = {isa = PBXFileReference; fileEncoding = 4; lastKnownFileType = sourcecode.swift; path = UITestCase.swift; sourceTree = "<group>"; };
		0440296A270F7D7B007D3C5D /* RecipeDetail.swift */ = {isa = PBXFileReference; lastKnownFileType = sourcecode.swift; path = RecipeDetail.swift; sourceTree = "<group>"; };
		0440296C270F8302007D3C5D /* MockApiProvider.swift */ = {isa = PBXFileReference; lastKnownFileType = sourcecode.swift; path = MockApiProvider.swift; sourceTree = "<group>"; };
		0440296E2710500F007D3C5D /* sampleEmpty.json */ = {isa = PBXFileReference; lastKnownFileType = text.json; path = sampleEmpty.json; sourceTree = "<group>"; };
		044029702710525E007D3C5D /* XCTestCase+Combine.swift */ = {isa = PBXFileReference; lastKnownFileType = sourcecode.swift; path = "XCTestCase+Combine.swift"; sourceTree = "<group>"; };
		044029722710702E007D3C5D /* XCTestCase+Matchers.swift */ = {isa = PBXFileReference; lastKnownFileType = sourcecode.swift; path = "XCTestCase+Matchers.swift"; sourceTree = "<group>"; };
		04402974271074AC007D3C5D /* APIProvider.swift */ = {isa = PBXFileReference; lastKnownFileType = sourcecode.swift; path = APIProvider.swift; sourceTree = "<group>"; };
		044029762710790C007D3C5D /* TextOverlay.swift */ = {isa = PBXFileReference; lastKnownFileType = sourcecode.swift; path = TextOverlay.swift; sourceTree = "<group>"; };
		047CD1022714B7460068AA8C /* LoadingIndicator.swift */ = {isa = PBXFileReference; lastKnownFileType = sourcecode.swift; path = LoadingIndicator.swift; sourceTree = "<group>"; };
		047CD11D2714D7980068AA8C /* TestingExtensions.framework */ = {isa = PBXFileReference; explicitFileType = wrapper.framework; includeInIndex = 0; path = TestingExtensions.framework; sourceTree = BUILT_PRODUCTS_DIR; };
		047CD12B2714D7E30068AA8C /* XCTest.framework */ = {isa = PBXFileReference; lastKnownFileType = wrapper.framework; name = XCTest.framework; path = Platforms/iPhoneOS.platform/Developer/Library/Frameworks/XCTest.framework; sourceTree = DEVELOPER_DIR; };
		048D1BFD27149F89004A5122 /* AsyncImageWithPlaceholder.swift */ = {isa = PBXFileReference; lastKnownFileType = sourcecode.swift; path = AsyncImageWithPlaceholder.swift; sourceTree = "<group>"; };
		04D937D127156C11002DEB55 /* GuardianTests.xctest */ = {isa = PBXFileReference; explicitFileType = wrapper.cfbundle; includeInIndex = 0; path = GuardianTests.xctest; sourceTree = BUILT_PRODUCTS_DIR; };
		04D937DA27156C30002DEB55 /* ReceipeListTests.swift */ = {isa = PBXFileReference; lastKnownFileType = sourcecode.swift; path = ReceipeListTests.swift; sourceTree = "<group>"; };
		04D937DF27157E9C002DEB55 /* AppExtensions.swift */ = {isa = PBXFileReference; lastKnownFileType = sourcecode.swift; path = AppExtensions.swift; sourceTree = "<group>"; };
		04D937E127158079002DEB55 /* sampleWrongFormat.json */ = {isa = PBXFileReference; lastKnownFileType = text.json; path = sampleWrongFormat.json; sourceTree = "<group>"; };
		04D937E3271583DC002DEB55 /* RecipeResponseTests.swift */ = {isa = PBXFileReference; lastKnownFileType = sourcecode.swift; path = RecipeResponseTests.swift; sourceTree = "<group>"; };
		04D937E527158942002DEB55 /* RecipeListConversionTests.swift */ = {isa = PBXFileReference; lastKnownFileType = sourcecode.swift; path = RecipeListConversionTests.swift; sourceTree = "<group>"; };
		04D937E72715A195002DEB55 /* Publisher+Testing.swift */ = {isa = PBXFileReference; lastKnownFileType = sourcecode.swift; path = "Publisher+Testing.swift"; sourceTree = "<group>"; };
/* End PBXFileReference section */

/* Begin PBXFrameworksBuildPhase section */
		041FBADA271474360083DB99 /* Frameworks */ = {
			isa = PBXFrameworksBuildPhase;
			buildActionMask = 2147483647;
			files = (
			);
			runOnlyForDeploymentPostprocessing = 0;
		};
		041FBAE1271474360083DB99 /* Frameworks */ = {
			isa = PBXFrameworksBuildPhase;
			buildActionMask = 2147483647;
			files = (
				0419426E2714DD0100C65B09 /* TestingExtensions.framework in Frameworks */,
				041FBAE5271474360083DB99 /* GuardianBackend.framework in Frameworks */,
			);
			runOnlyForDeploymentPostprocessing = 0;
		};
		04402928270DFCA1007D3C5D /* Frameworks */ = {
			isa = PBXFrameworksBuildPhase;
			buildActionMask = 2147483647;
			files = (
				041FBAF0271474360083DB99 /* GuardianBackend.framework in Frameworks */,
			);
			runOnlyForDeploymentPostprocessing = 0;
		};
		04402942270DFCA3007D3C5D /* Frameworks */ = {
			isa = PBXFrameworksBuildPhase;
			buildActionMask = 2147483647;
			files = (
			);
			runOnlyForDeploymentPostprocessing = 0;
		};
		047CD11A2714D7980068AA8C /* Frameworks */ = {
			isa = PBXFrameworksBuildPhase;
			buildActionMask = 2147483647;
			files = (
				047CD12C2714D7E30068AA8C /* XCTest.framework in Frameworks */,
			);
			runOnlyForDeploymentPostprocessing = 0;
		};
		04D937CE27156C11002DEB55 /* Frameworks */ = {
			isa = PBXFrameworksBuildPhase;
			buildActionMask = 2147483647;
			files = (
				04D937DE27157A7A002DEB55 /* TestingExtensions.framework in Frameworks */,
			);
			runOnlyForDeploymentPostprocessing = 0;
		};
/* End PBXFrameworksBuildPhase section */

/* Begin PBXGroup section */
		041FBAB02714713A0083DB99 /* RecipeList */ = {
			isa = PBXGroup;
			children = (
				04402958270DFE89007D3C5D /* RecipeList.swift */,
				0440295A270DFFD7007D3C5D /* RecipeCell.swift */,
				041FBAB1271471580083DB99 /* Item.swift */,
				041FBAB3271471C10083DB99 /* ViewModel.swift */,
			);
			path = RecipeList;
			sourceTree = "<group>";
		};
		041FBADE271474360083DB99 /* GuardianBackend */ = {
			isa = PBXGroup;
			children = (
				0440296E2710500F007D3C5D /* sampleEmpty.json */,
				04D937E127158079002DEB55 /* sampleWrongFormat.json */,
				041FBB0227147E030083DB99 /* sampleFull.json */,
				0440296C270F8302007D3C5D /* MockApiProvider.swift */,
				0440295E270E19FB007D3C5D /* GuardianAPI.swift */,
				04402974271074AC007D3C5D /* APIProvider.swift */,
				04402966270F56B9007D3C5D /* RecipeResponse.swift */,
				041FBADF271474360083DB99 /* GuardianBackend.h */,
			);
			path = GuardianBackend;
			sourceTree = "<group>";
		};
		041FBAEA271474360083DB99 /* GuardianBackendTests */ = {
			isa = PBXGroup;
			children = (
				0440293F270DFCA3007D3C5D /* GuardianAPITests.swift */,
				04D937E3271583DC002DEB55 /* RecipeResponseTests.swift */,
			);
			path = GuardianBackendTests;
			sourceTree = "<group>";
		};
		041FBAFF271477E70083DB99 /* Frameworks */ = {
			isa = PBXGroup;
			children = (
				047CD12B2714D7E30068AA8C /* XCTest.framework */,
			);
			name = Frameworks;
			sourceTree = "<group>";
		};
		041FBB0F271481E50083DB99 /* Screens */ = {
			isa = PBXGroup;
			children = (
				041FBB0B271481C60083DB99 /* ReceipeList.swift */,
				041FBB0D271481D60083DB99 /* ReceipeDetail.swift */,
			);
			path = Screens;
			sourceTree = "<group>";
		};
		041FBB10271481EB0083DB99 /* Framework */ = {
			isa = PBXGroup;
			children = (
				04402968270F7CB9007D3C5D /* UITestCase.swift */,
				041FBB13271484D70083DB99 /* ScreenModel.swift */,
			);
			path = Framework;
			sourceTree = "<group>";
		};
		04402922270DFCA1007D3C5D = {
			isa = PBXGroup;
			children = (
				0440292D270DFCA1007D3C5D /* Guardian */,
				04D937D227156C11002DEB55 /* GuardianTests */,
				04402948270DFCA3007D3C5D /* GuardianUITests */,
				041FBADE271474360083DB99 /* GuardianBackend */,
				041FBAEA271474360083DB99 /* GuardianBackendTests */,
				047CD11E2714D7980068AA8C /* TestingExtensions */,
				0440292C270DFCA1007D3C5D /* Products */,
				041FBAFF271477E70083DB99 /* Frameworks */,
			);
			sourceTree = "<group>";
		};
		0440292C270DFCA1007D3C5D /* Products */ = {
			isa = PBXGroup;
			children = (
				0440292B270DFCA1007D3C5D /* Guardian.app */,
				04402945270DFCA3007D3C5D /* GuardianUITests.xctest */,
				041FBADD271474360083DB99 /* GuardianBackend.framework */,
				041FBAE4271474360083DB99 /* GuardianBackendTests.xctest */,
				047CD11D2714D7980068AA8C /* TestingExtensions.framework */,
				04D937D127156C11002DEB55 /* GuardianTests.xctest */,
			);
			name = Products;
			sourceTree = "<group>";
		};
		0440292D270DFCA1007D3C5D /* Guardian */ = {
			isa = PBXGroup;
			children = (
				0440292E270DFCA1007D3C5D /* GuardianApp.swift */,
				04D937DF27157E9C002DEB55 /* AppExtensions.swift */,
				04402930270DFCA1007D3C5D /* ContentView.swift */,
				041FBAB02714713A0083DB99 /* RecipeList */,
				048D1BFB27149D94004A5122 /* RecipeDetail */,
				048D1BFC27149F6F004A5122 /* ReusableViews */,
				0440295C270E107E007D3C5D /* SampleRecipeList.swift */,
				04402932270DFCA3007D3C5D /* Assets.xcassets */,
				04402934270DFCA3007D3C5D /* Preview Content */,
			);
			path = Guardian;
			sourceTree = "<group>";
		};
		04402934270DFCA3007D3C5D /* Preview Content */ = {
			isa = PBXGroup;
			children = (
				04402935270DFCA3007D3C5D /* Preview Assets.xcassets */,
			);
			path = "Preview Content";
			sourceTree = "<group>";
		};
		04402948270DFCA3007D3C5D /* GuardianUITests */ = {
			isa = PBXGroup;
			children = (
				04402949270DFCA3007D3C5D /* GuardianUITests.swift */,
				041FBB10271481EB0083DB99 /* Framework */,
				041FBB0F271481E50083DB99 /* Screens */,
			);
			path = GuardianUITests;
			sourceTree = "<group>";
		};
		047CD11E2714D7980068AA8C /* TestingExtensions */ = {
			isa = PBXGroup;
			children = (
				044029702710525E007D3C5D /* XCTestCase+Combine.swift */,
				044029722710702E007D3C5D /* XCTestCase+Matchers.swift */,
				04D937E72715A195002DEB55 /* Publisher+Testing.swift */,
			);
			path = TestingExtensions;
			sourceTree = "<group>";
		};
		048D1BFB27149D94004A5122 /* RecipeDetail */ = {
			isa = PBXGroup;
			children = (
				0440296A270F7D7B007D3C5D /* RecipeDetail.swift */,
				042A013627149C3F00124999 /* DetailItem.swift */,
			);
			path = RecipeDetail;
			sourceTree = "<group>";
		};
		048D1BFC27149F6F004A5122 /* ReusableViews */ = {
			isa = PBXGroup;
			children = (
				044029762710790C007D3C5D /* TextOverlay.swift */,
				048D1BFD27149F89004A5122 /* AsyncImageWithPlaceholder.swift */,
				047CD1022714B7460068AA8C /* LoadingIndicator.swift */,
			);
			path = ReusableViews;
			sourceTree = "<group>";
		};
		04D937D227156C11002DEB55 /* GuardianTests */ = {
			isa = PBXGroup;
			children = (
				04D937DA27156C30002DEB55 /* ReceipeListTests.swift */,
				04D937E527158942002DEB55 /* RecipeListConversionTests.swift */,
			);
			path = GuardianTests;
			sourceTree = "<group>";
		};
/* End PBXGroup section */

/* Begin PBXHeadersBuildPhase section */
		041FBAD8271474360083DB99 /* Headers */ = {
			isa = PBXHeadersBuildPhase;
			buildActionMask = 2147483647;
			files = (
				041FBAED271474360083DB99 /* GuardianBackend.h in Headers */,
			);
			runOnlyForDeploymentPostprocessing = 0;
		};
		047CD1182714D7980068AA8C /* Headers */ = {
			isa = PBXHeadersBuildPhase;
			buildActionMask = 2147483647;
			files = (
			);
			runOnlyForDeploymentPostprocessing = 0;
		};
/* End PBXHeadersBuildPhase section */

/* Begin PBXNativeTarget section */
		041FBADC271474360083DB99 /* GuardianBackend */ = {
			isa = PBXNativeTarget;
			buildConfigurationList = 041FBAF7271474360083DB99 /* Build configuration list for PBXNativeTarget "GuardianBackend" */;
			buildPhases = (
				041FBAD8271474360083DB99 /* Headers */,
				041FBAD9271474360083DB99 /* Sources */,
				041FBADA271474360083DB99 /* Frameworks */,
				041FBADB271474360083DB99 /* Resources */,
			);
			buildRules = (
			);
			dependencies = (
			);
			name = GuardianBackend;
			productName = GuardianBackend;
			productReference = 041FBADD271474360083DB99 /* GuardianBackend.framework */;
			productType = "com.apple.product-type.framework";
		};
		041FBAE3271474360083DB99 /* GuardianBackendTests */ = {
			isa = PBXNativeTarget;
			buildConfigurationList = 041FBAF8271474360083DB99 /* Build configuration list for PBXNativeTarget "GuardianBackendTests" */;
			buildPhases = (
				041FBAE0271474360083DB99 /* Sources */,
				041FBAE1271474360083DB99 /* Frameworks */,
				041FBAE2271474360083DB99 /* Resources */,
			);
			buildRules = (
			);
			dependencies = (
				041FBAE7271474360083DB99 /* PBXTargetDependency */,
				041FBAE9271474360083DB99 /* PBXTargetDependency */,
			);
			name = GuardianBackendTests;
			productName = GuardianBackendTests;
			productReference = 041FBAE4271474360083DB99 /* GuardianBackendTests.xctest */;
			productType = "com.apple.product-type.bundle.unit-test";
		};
		0440292A270DFCA1007D3C5D /* Guardian */ = {
			isa = PBXNativeTarget;
			buildConfigurationList = 0440294F270DFCA3007D3C5D /* Build configuration list for PBXNativeTarget "Guardian" */;
			buildPhases = (
				04402927270DFCA1007D3C5D /* Sources */,
				04402928270DFCA1007D3C5D /* Frameworks */,
				04402929270DFCA1007D3C5D /* Resources */,
				041FBAF2271474360083DB99 /* Embed Frameworks */,
			);
			buildRules = (
			);
			dependencies = (
				041FBAEF271474360083DB99 /* PBXTargetDependency */,
			);
			name = Guardian;
			productName = Guardian;
			productReference = 0440292B270DFCA1007D3C5D /* Guardian.app */;
			productType = "com.apple.product-type.application";
		};
		04402944270DFCA3007D3C5D /* GuardianUITests */ = {
			isa = PBXNativeTarget;
			buildConfigurationList = 04402955270DFCA3007D3C5D /* Build configuration list for PBXNativeTarget "GuardianUITests" */;
			buildPhases = (
				04402941270DFCA3007D3C5D /* Sources */,
				04402942270DFCA3007D3C5D /* Frameworks */,
				04402943270DFCA3007D3C5D /* Resources */,
			);
			buildRules = (
			);
			dependencies = (
				04402947270DFCA3007D3C5D /* PBXTargetDependency */,
			);
			name = GuardianUITests;
			productName = GuardianUITests;
			productReference = 04402945270DFCA3007D3C5D /* GuardianUITests.xctest */;
			productType = "com.apple.product-type.bundle.ui-testing";
		};
		047CD11C2714D7980068AA8C /* TestingExtensions */ = {
			isa = PBXNativeTarget;
			buildConfigurationList = 047CD1252714D7980068AA8C /* Build configuration list for PBXNativeTarget "TestingExtensions" */;
			buildPhases = (
				047CD1182714D7980068AA8C /* Headers */,
				047CD1192714D7980068AA8C /* Sources */,
				047CD11A2714D7980068AA8C /* Frameworks */,
				047CD11B2714D7980068AA8C /* Resources */,
			);
			buildRules = (
			);
			dependencies = (
			);
			name = TestingExtensions;
			productName = TestingExtensions;
			productReference = 047CD11D2714D7980068AA8C /* TestingExtensions.framework */;
			productType = "com.apple.product-type.framework";
		};
		04D937D027156C11002DEB55 /* GuardianTests */ = {
			isa = PBXNativeTarget;
			buildConfigurationList = 04D937D727156C11002DEB55 /* Build configuration list for PBXNativeTarget "GuardianTests" */;
			buildPhases = (
				04D937CD27156C11002DEB55 /* Sources */,
				04D937CE27156C11002DEB55 /* Frameworks */,
				04D937CF27156C11002DEB55 /* Resources */,
			);
			buildRules = (
			);
			dependencies = (
				04D937DD27157A6F002DEB55 /* PBXTargetDependency */,
				04D937D627156C11002DEB55 /* PBXTargetDependency */,
			);
			name = GuardianTests;
			productName = GuardianTests;
			productReference = 04D937D127156C11002DEB55 /* GuardianTests.xctest */;
			productType = "com.apple.product-type.bundle.unit-test";
		};
/* End PBXNativeTarget section */

/* Begin PBXProject section */
		04402923270DFCA1007D3C5D /* Project object */ = {
			isa = PBXProject;
			attributes = {
				BuildIndependentTargetsInParallel = 1;
				LastSwiftUpdateCheck = 1300;
				LastUpgradeCheck = 1300;
				TargetAttributes = {
					041FBADC271474360083DB99 = {
						CreatedOnToolsVersion = 13.0;
					};
					041FBAE3271474360083DB99 = {
						CreatedOnToolsVersion = 13.0;
						TestTargetID = 0440292A270DFCA1007D3C5D;
					};
					0440292A270DFCA1007D3C5D = {
						CreatedOnToolsVersion = 13.0;
					};
					04402944270DFCA3007D3C5D = {
						CreatedOnToolsVersion = 13.0;
						TestTargetID = 0440292A270DFCA1007D3C5D;
					};
					047CD11C2714D7980068AA8C = {
						CreatedOnToolsVersion = 13.0;
					};
					04D937D027156C11002DEB55 = {
						CreatedOnToolsVersion = 13.0;
						LastSwiftMigration = 1300;
						TestTargetID = 0440292A270DFCA1007D3C5D;
					};
				};
			};
			buildConfigurationList = 04402926270DFCA1007D3C5D /* Build configuration list for PBXProject "Guardian" */;
			compatibilityVersion = "Xcode 13.0";
			developmentRegion = en;
			hasScannedForEncodings = 0;
			knownRegions = (
				en,
				Base,
			);
			mainGroup = 04402922270DFCA1007D3C5D;
			productRefGroup = 0440292C270DFCA1007D3C5D /* Products */;
			projectDirPath = "";
			projectRoot = "";
			targets = (
				0440292A270DFCA1007D3C5D /* Guardian */,
				04D937D027156C11002DEB55 /* GuardianTests */,
				04402944270DFCA3007D3C5D /* GuardianUITests */,
				041FBADC271474360083DB99 /* GuardianBackend */,
				041FBAE3271474360083DB99 /* GuardianBackendTests */,
				047CD11C2714D7980068AA8C /* TestingExtensions */,
			);
		};
/* End PBXProject section */

/* Begin PBXResourcesBuildPhase section */
		041FBADB271474360083DB99 /* Resources */ = {
			isa = PBXResourcesBuildPhase;
			buildActionMask = 2147483647;
			files = (
				04D937E227158079002DEB55 /* sampleWrongFormat.json in Resources */,
				041FBB0327147E030083DB99 /* sampleFull.json in Resources */,
				041FBB01271478C70083DB99 /* sampleEmpty.json in Resources */,
			);
			runOnlyForDeploymentPostprocessing = 0;
		};
		041FBAE2271474360083DB99 /* Resources */ = {
			isa = PBXResourcesBuildPhase;
			buildActionMask = 2147483647;
			files = (
			);
			runOnlyForDeploymentPostprocessing = 0;
		};
		04402929270DFCA1007D3C5D /* Resources */ = {
			isa = PBXResourcesBuildPhase;
			buildActionMask = 2147483647;
			files = (
				04402936270DFCA3007D3C5D /* Preview Assets.xcassets in Resources */,
				04402933270DFCA3007D3C5D /* Assets.xcassets in Resources */,
			);
			runOnlyForDeploymentPostprocessing = 0;
		};
		04402943270DFCA3007D3C5D /* Resources */ = {
			isa = PBXResourcesBuildPhase;
			buildActionMask = 2147483647;
			files = (
			);
			runOnlyForDeploymentPostprocessing = 0;
		};
		047CD11B2714D7980068AA8C /* Resources */ = {
			isa = PBXResourcesBuildPhase;
			buildActionMask = 2147483647;
			files = (
			);
			runOnlyForDeploymentPostprocessing = 0;
		};
		04D937CF27156C11002DEB55 /* Resources */ = {
			isa = PBXResourcesBuildPhase;
			buildActionMask = 2147483647;
			files = (
			);
			runOnlyForDeploymentPostprocessing = 0;
		};
/* End PBXResourcesBuildPhase section */

/* Begin PBXSourcesBuildPhase section */
		041FBAD9271474360083DB99 /* Sources */ = {
			isa = PBXSourcesBuildPhase;
			buildActionMask = 2147483647;
			files = (
				041FBAFA271474440083DB99 /* RecipeResponse.swift in Sources */,
				041FBAF9271474440083DB99 /* GuardianAPI.swift in Sources */,
				041FBAFB271474440083DB99 /* APIProvider.swift in Sources */,
				041FBAFC271474510083DB99 /* MockApiProvider.swift in Sources */,
			);
			runOnlyForDeploymentPostprocessing = 0;
		};
		041FBAE0271474360083DB99 /* Sources */ = {
			isa = PBXSourcesBuildPhase;
			buildActionMask = 2147483647;
			files = (
				04D937E4271583DC002DEB55 /* RecipeResponseTests.swift in Sources */,
				041FBB0827147F830083DB99 /* GuardianAPITests.swift in Sources */,
			);
			runOnlyForDeploymentPostprocessing = 0;
		};
		04402927270DFCA1007D3C5D /* Sources */ = {
			isa = PBXSourcesBuildPhase;
			buildActionMask = 2147483647;
			files = (
				047CD1032714B7460068AA8C /* LoadingIndicator.swift in Sources */,
				0440296B270F7D7B007D3C5D /* RecipeDetail.swift in Sources */,
				048D1BFE27149F89004A5122 /* AsyncImageWithPlaceholder.swift in Sources */,
				04402931270DFCA1007D3C5D /* ContentView.swift in Sources */,
				04402959270DFE89007D3C5D /* RecipeList.swift in Sources */,
				044029772710790C007D3C5D /* TextOverlay.swift in Sources */,
				041FBAB2271471580083DB99 /* Item.swift in Sources */,
				0440292F270DFCA1007D3C5D /* GuardianApp.swift in Sources */,
				041FBAB4271471C10083DB99 /* ViewModel.swift in Sources */,
				042A013727149C3F00124999 /* DetailItem.swift in Sources */,
				04D937E027157E9C002DEB55 /* AppExtensions.swift in Sources */,
				041FBAFE2714747D0083DB99 /* SampleRecipeList.swift in Sources */,
				0440295B270DFFD7007D3C5D /* RecipeCell.swift in Sources */,
			);
			runOnlyForDeploymentPostprocessing = 0;
		};
		04402941270DFCA3007D3C5D /* Sources */ = {
			isa = PBXSourcesBuildPhase;
			buildActionMask = 2147483647;
			files = (
				0440294A270DFCA3007D3C5D /* GuardianUITests.swift in Sources */,
				041FBB14271484D70083DB99 /* ScreenModel.swift in Sources */,
				041FBB0E271481D60083DB99 /* ReceipeDetail.swift in Sources */,
				04402969270F7CB9007D3C5D /* UITestCase.swift in Sources */,
				041FBB0C271481C60083DB99 /* ReceipeList.swift in Sources */,
			);
			runOnlyForDeploymentPostprocessing = 0;
		};
		047CD1192714D7980068AA8C /* Sources */ = {
			isa = PBXSourcesBuildPhase;
			buildActionMask = 2147483647;
			files = (
				04D937E82715A195002DEB55 /* Publisher+Testing.swift in Sources */,
				047CD1292714D7B60068AA8C /* XCTestCase+Combine.swift in Sources */,
				047CD12A2714D7B60068AA8C /* XCTestCase+Matchers.swift in Sources */,
			);
			runOnlyForDeploymentPostprocessing = 0;
		};
		04D937CD27156C11002DEB55 /* Sources */ = {
			isa = PBXSourcesBuildPhase;
			buildActionMask = 2147483647;
			files = (
				04D937DB27156C30002DEB55 /* ReceipeListTests.swift in Sources */,
				04D937E627158942002DEB55 /* RecipeListConversionTests.swift in Sources */,
			);
			runOnlyForDeploymentPostprocessing = 0;
		};
/* End PBXSourcesBuildPhase section */

/* Begin PBXTargetDependency section */
		041FBAE7271474360083DB99 /* PBXTargetDependency */ = {
			isa = PBXTargetDependency;
			target = 041FBADC271474360083DB99 /* GuardianBackend */;
			targetProxy = 041FBAE6271474360083DB99 /* PBXContainerItemProxy */;
		};
		041FBAE9271474360083DB99 /* PBXTargetDependency */ = {
			isa = PBXTargetDependency;
			target = 0440292A270DFCA1007D3C5D /* Guardian */;
			targetProxy = 041FBAE8271474360083DB99 /* PBXContainerItemProxy */;
		};
		041FBAEF271474360083DB99 /* PBXTargetDependency */ = {
			isa = PBXTargetDependency;
			target = 041FBADC271474360083DB99 /* GuardianBackend */;
			targetProxy = 041FBAEE271474360083DB99 /* PBXContainerItemProxy */;
		};
		04402947270DFCA3007D3C5D /* PBXTargetDependency */ = {
			isa = PBXTargetDependency;
			target = 0440292A270DFCA1007D3C5D /* Guardian */;
			targetProxy = 04402946270DFCA3007D3C5D /* PBXContainerItemProxy */;
		};
		04D937D627156C11002DEB55 /* PBXTargetDependency */ = {
			isa = PBXTargetDependency;
			target = 0440292A270DFCA1007D3C5D /* Guardian */;
			targetProxy = 04D937D527156C11002DEB55 /* PBXContainerItemProxy */;
		};
		04D937DD27157A6F002DEB55 /* PBXTargetDependency */ = {
			isa = PBXTargetDependency;
			target = 047CD11C2714D7980068AA8C /* TestingExtensions */;
			targetProxy = 04D937DC27157A6F002DEB55 /* PBXContainerItemProxy */;
		};
/* End PBXTargetDependency section */

/* Begin XCBuildConfiguration section */
		041FBAF3271474360083DB99 /* Debug */ = {
			isa = XCBuildConfiguration;
			buildSettings = {
				CODE_SIGN_STYLE = Automatic;
				CURRENT_PROJECT_VERSION = 1;
				DEFINES_MODULE = YES;
				DEVELOPMENT_TEAM = F8544XK3Q3;
				DYLIB_COMPATIBILITY_VERSION = 1;
				DYLIB_CURRENT_VERSION = 1;
				DYLIB_INSTALL_NAME_BASE = "@rpath";
				GENERATE_INFOPLIST_FILE = YES;
				INFOPLIST_KEY_NSHumanReadableCopyright = "";
				INSTALL_PATH = "$(LOCAL_LIBRARY_DIR)/Frameworks";
				LD_RUNPATH_SEARCH_PATHS = (
					"$(inherited)",
					"@executable_path/Frameworks",
					"@loader_path/Frameworks",
				);
				MARKETING_VERSION = 1.0;
				PRODUCT_BUNDLE_IDENTIFIER = com.mapedd.Guardian.Testing.GuardianBackend;
				PRODUCT_NAME = "$(TARGET_NAME:c99extidentifier)";
				SKIP_INSTALL = YES;
				SWIFT_EMIT_LOC_STRINGS = YES;
				SWIFT_VERSION = 5.0;
				TARGETED_DEVICE_FAMILY = "1,2";
				VERSIONING_SYSTEM = "apple-generic";
				VERSION_INFO_PREFIX = "";
			};
			name = Debug;
		};
		041FBAF4271474360083DB99 /* Release */ = {
			isa = XCBuildConfiguration;
			buildSettings = {
				CODE_SIGN_STYLE = Automatic;
				CURRENT_PROJECT_VERSION = 1;
				DEFINES_MODULE = YES;
				DEVELOPMENT_TEAM = F8544XK3Q3;
				DYLIB_COMPATIBILITY_VERSION = 1;
				DYLIB_CURRENT_VERSION = 1;
				DYLIB_INSTALL_NAME_BASE = "@rpath";
				GENERATE_INFOPLIST_FILE = YES;
				INFOPLIST_KEY_NSHumanReadableCopyright = "";
				INSTALL_PATH = "$(LOCAL_LIBRARY_DIR)/Frameworks";
				LD_RUNPATH_SEARCH_PATHS = (
					"$(inherited)",
					"@executable_path/Frameworks",
					"@loader_path/Frameworks",
				);
				MARKETING_VERSION = 1.0;
				PRODUCT_BUNDLE_IDENTIFIER = com.mapedd.Guardian.Testing.GuardianBackend;
				PRODUCT_NAME = "$(TARGET_NAME:c99extidentifier)";
				SKIP_INSTALL = YES;
				SWIFT_EMIT_LOC_STRINGS = YES;
				SWIFT_VERSION = 5.0;
				TARGETED_DEVICE_FAMILY = "1,2";
				VERSIONING_SYSTEM = "apple-generic";
				VERSION_INFO_PREFIX = "";
			};
			name = Release;
		};
		041FBAF5271474360083DB99 /* Debug */ = {
			isa = XCBuildConfiguration;
			buildSettings = {
				ALWAYS_EMBED_SWIFT_STANDARD_LIBRARIES = YES;
				CODE_SIGN_STYLE = Automatic;
				CURRENT_PROJECT_VERSION = 1;
				DEVELOPMENT_TEAM = ME89T2ZAQD;
				GENERATE_INFOPLIST_FILE = YES;
				LD_RUNPATH_SEARCH_PATHS = (
					"$(inherited)",
					"@executable_path/Frameworks",
					"@loader_path/Frameworks",
				);
				MARKETING_VERSION = 1.0;
				PRODUCT_BUNDLE_IDENTIFIER = com.mapedd.Guardian.Testing.GuardianBackendTests;
				PRODUCT_NAME = "$(TARGET_NAME)";
				SWIFT_EMIT_LOC_STRINGS = NO;
				SWIFT_VERSION = 5.0;
				TARGETED_DEVICE_FAMILY = "1,2";
				TEST_HOST = "$(BUILT_PRODUCTS_DIR)/Guardian.app/Guardian";
			};
			name = Debug;
		};
		041FBAF6271474360083DB99 /* Release */ = {
			isa = XCBuildConfiguration;
			buildSettings = {
				ALWAYS_EMBED_SWIFT_STANDARD_LIBRARIES = YES;
				CODE_SIGN_STYLE = Automatic;
				CURRENT_PROJECT_VERSION = 1;
				DEVELOPMENT_TEAM = ME89T2ZAQD;
				GENERATE_INFOPLIST_FILE = YES;
				LD_RUNPATH_SEARCH_PATHS = (
					"$(inherited)",
					"@executable_path/Frameworks",
					"@loader_path/Frameworks",
				);
				MARKETING_VERSION = 1.0;
				PRODUCT_BUNDLE_IDENTIFIER = com.mapedd.Guardian.Testing.GuardianBackendTests;
				PRODUCT_NAME = "$(TARGET_NAME)";
				SWIFT_EMIT_LOC_STRINGS = NO;
				SWIFT_VERSION = 5.0;
				TARGETED_DEVICE_FAMILY = "1,2";
				TEST_HOST = "$(BUILT_PRODUCTS_DIR)/Guardian.app/Guardian";
			};
			name = Release;
		};
		0440294D270DFCA3007D3C5D /* Debug */ = {
			isa = XCBuildConfiguration;
			buildSettings = {
				ALWAYS_SEARCH_USER_PATHS = NO;
				CLANG_ANALYZER_NONNULL = YES;
				CLANG_ANALYZER_NUMBER_OBJECT_CONVERSION = YES_AGGRESSIVE;
				CLANG_CXX_LANGUAGE_STANDARD = "gnu++17";
				CLANG_CXX_LIBRARY = "libc++";
				CLANG_ENABLE_MODULES = YES;
				CLANG_ENABLE_OBJC_ARC = YES;
				CLANG_ENABLE_OBJC_WEAK = YES;
				CLANG_WARN_BLOCK_CAPTURE_AUTORELEASING = YES;
				CLANG_WARN_BOOL_CONVERSION = YES;
				CLANG_WARN_COMMA = YES;
				CLANG_WARN_CONSTANT_CONVERSION = YES;
				CLANG_WARN_DEPRECATED_OBJC_IMPLEMENTATIONS = YES;
				CLANG_WARN_DIRECT_OBJC_ISA_USAGE = YES_ERROR;
				CLANG_WARN_DOCUMENTATION_COMMENTS = YES;
				CLANG_WARN_EMPTY_BODY = YES;
				CLANG_WARN_ENUM_CONVERSION = YES;
				CLANG_WARN_INFINITE_RECURSION = YES;
				CLANG_WARN_INT_CONVERSION = YES;
				CLANG_WARN_NON_LITERAL_NULL_CONVERSION = YES;
				CLANG_WARN_OBJC_IMPLICIT_RETAIN_SELF = YES;
				CLANG_WARN_OBJC_LITERAL_CONVERSION = YES;
				CLANG_WARN_OBJC_ROOT_CLASS = YES_ERROR;
				CLANG_WARN_QUOTED_INCLUDE_IN_FRAMEWORK_HEADER = YES;
				CLANG_WARN_RANGE_LOOP_ANALYSIS = YES;
				CLANG_WARN_STRICT_PROTOTYPES = YES;
				CLANG_WARN_SUSPICIOUS_MOVE = YES;
				CLANG_WARN_UNGUARDED_AVAILABILITY = YES_AGGRESSIVE;
				CLANG_WARN_UNREACHABLE_CODE = YES;
				CLANG_WARN__DUPLICATE_METHOD_MATCH = YES;
				COPY_PHASE_STRIP = NO;
				DEBUG_INFORMATION_FORMAT = dwarf;
				ENABLE_STRICT_OBJC_MSGSEND = YES;
				ENABLE_TESTABILITY = YES;
				GCC_C_LANGUAGE_STANDARD = gnu11;
				GCC_DYNAMIC_NO_PIC = NO;
				GCC_NO_COMMON_BLOCKS = YES;
				GCC_OPTIMIZATION_LEVEL = 0;
				GCC_PREPROCESSOR_DEFINITIONS = (
					"DEBUG=1",
					"$(inherited)",
				);
				GCC_WARN_64_TO_32_BIT_CONVERSION = YES;
				GCC_WARN_ABOUT_RETURN_TYPE = YES_ERROR;
				GCC_WARN_UNDECLARED_SELECTOR = YES;
				GCC_WARN_UNINITIALIZED_AUTOS = YES_AGGRESSIVE;
				GCC_WARN_UNUSED_FUNCTION = YES;
				GCC_WARN_UNUSED_VARIABLE = YES;
				IPHONEOS_DEPLOYMENT_TARGET = 15.0;
				MTL_ENABLE_DEBUG_INFO = INCLUDE_SOURCE;
				MTL_FAST_MATH = YES;
				ONLY_ACTIVE_ARCH = YES;
				SDKROOT = iphoneos;
				SWIFT_ACTIVE_COMPILATION_CONDITIONS = DEBUG;
				SWIFT_OPTIMIZATION_LEVEL = "-Onone";
			};
			name = Debug;
		};
		0440294E270DFCA3007D3C5D /* Release */ = {
			isa = XCBuildConfiguration;
			buildSettings = {
				ALWAYS_SEARCH_USER_PATHS = NO;
				CLANG_ANALYZER_NONNULL = YES;
				CLANG_ANALYZER_NUMBER_OBJECT_CONVERSION = YES_AGGRESSIVE;
				CLANG_CXX_LANGUAGE_STANDARD = "gnu++17";
				CLANG_CXX_LIBRARY = "libc++";
				CLANG_ENABLE_MODULES = YES;
				CLANG_ENABLE_OBJC_ARC = YES;
				CLANG_ENABLE_OBJC_WEAK = YES;
				CLANG_WARN_BLOCK_CAPTURE_AUTORELEASING = YES;
				CLANG_WARN_BOOL_CONVERSION = YES;
				CLANG_WARN_COMMA = YES;
				CLANG_WARN_CONSTANT_CONVERSION = YES;
				CLANG_WARN_DEPRECATED_OBJC_IMPLEMENTATIONS = YES;
				CLANG_WARN_DIRECT_OBJC_ISA_USAGE = YES_ERROR;
				CLANG_WARN_DOCUMENTATION_COMMENTS = YES;
				CLANG_WARN_EMPTY_BODY = YES;
				CLANG_WARN_ENUM_CONVERSION = YES;
				CLANG_WARN_INFINITE_RECURSION = YES;
				CLANG_WARN_INT_CONVERSION = YES;
				CLANG_WARN_NON_LITERAL_NULL_CONVERSION = YES;
				CLANG_WARN_OBJC_IMPLICIT_RETAIN_SELF = YES;
				CLANG_WARN_OBJC_LITERAL_CONVERSION = YES;
				CLANG_WARN_OBJC_ROOT_CLASS = YES_ERROR;
				CLANG_WARN_QUOTED_INCLUDE_IN_FRAMEWORK_HEADER = YES;
				CLANG_WARN_RANGE_LOOP_ANALYSIS = YES;
				CLANG_WARN_STRICT_PROTOTYPES = YES;
				CLANG_WARN_SUSPICIOUS_MOVE = YES;
				CLANG_WARN_UNGUARDED_AVAILABILITY = YES_AGGRESSIVE;
				CLANG_WARN_UNREACHABLE_CODE = YES;
				CLANG_WARN__DUPLICATE_METHOD_MATCH = YES;
				COPY_PHASE_STRIP = NO;
				DEBUG_INFORMATION_FORMAT = "dwarf-with-dsym";
				ENABLE_NS_ASSERTIONS = NO;
				ENABLE_STRICT_OBJC_MSGSEND = YES;
				GCC_C_LANGUAGE_STANDARD = gnu11;
				GCC_NO_COMMON_BLOCKS = YES;
				GCC_WARN_64_TO_32_BIT_CONVERSION = YES;
				GCC_WARN_ABOUT_RETURN_TYPE = YES_ERROR;
				GCC_WARN_UNDECLARED_SELECTOR = YES;
				GCC_WARN_UNINITIALIZED_AUTOS = YES_AGGRESSIVE;
				GCC_WARN_UNUSED_FUNCTION = YES;
				GCC_WARN_UNUSED_VARIABLE = YES;
				IPHONEOS_DEPLOYMENT_TARGET = 15.0;
				MTL_ENABLE_DEBUG_INFO = NO;
				MTL_FAST_MATH = YES;
				SDKROOT = iphoneos;
				SWIFT_COMPILATION_MODE = wholemodule;
				SWIFT_OPTIMIZATION_LEVEL = "-O";
				VALIDATE_PRODUCT = YES;
			};
			name = Release;
		};
		04402950270DFCA3007D3C5D /* Debug */ = {
			isa = XCBuildConfiguration;
			buildSettings = {
				ALWAYS_EMBED_SWIFT_STANDARD_LIBRARIES = YES;
				ASSETCATALOG_COMPILER_APPICON_NAME = AppIcon;
				ASSETCATALOG_COMPILER_GLOBAL_ACCENT_COLOR_NAME = AccentColor;
				CODE_SIGN_STYLE = Automatic;
				CURRENT_PROJECT_VERSION = 1;
				DEVELOPMENT_ASSET_PATHS = "\"Guardian/Preview Content\"";
				DEVELOPMENT_TEAM = F8544XK3Q3;
				ENABLE_PREVIEWS = YES;
				GENERATE_INFOPLIST_FILE = YES;
				INFOPLIST_KEY_UIApplicationSceneManifest_Generation = YES;
				INFOPLIST_KEY_UIApplicationSupportsIndirectInputEvents = YES;
				INFOPLIST_KEY_UILaunchScreen_Generation = YES;
				INFOPLIST_KEY_UISupportedInterfaceOrientations_iPad = "UIInterfaceOrientationPortrait UIInterfaceOrientationPortraitUpsideDown UIInterfaceOrientationLandscapeLeft UIInterfaceOrientationLandscapeRight";
				INFOPLIST_KEY_UISupportedInterfaceOrientations_iPhone = "UIInterfaceOrientationPortrait UIInterfaceOrientationLandscapeLeft UIInterfaceOrientationLandscapeRight";
				IPHONEOS_DEPLOYMENT_TARGET = 15.0;
				LD_RUNPATH_SEARCH_PATHS = (
					"$(inherited)",
					"@executable_path/Frameworks",
				);
				MARKETING_VERSION = 1.0;
				PRODUCT_BUNDLE_IDENTIFIER = com.mapedd.guardian.Guardian;
				PRODUCT_NAME = "$(TARGET_NAME)";
				SWIFT_EMIT_LOC_STRINGS = YES;
				SWIFT_VERSION = 5.0;
				TARGETED_DEVICE_FAMILY = "1,2";
			};
			name = Debug;
		};
		04402951270DFCA3007D3C5D /* Release */ = {
			isa = XCBuildConfiguration;
			buildSettings = {
				ALWAYS_EMBED_SWIFT_STANDARD_LIBRARIES = YES;
				ASSETCATALOG_COMPILER_APPICON_NAME = AppIcon;
				ASSETCATALOG_COMPILER_GLOBAL_ACCENT_COLOR_NAME = AccentColor;
				CODE_SIGN_STYLE = Automatic;
				CURRENT_PROJECT_VERSION = 1;
				DEVELOPMENT_ASSET_PATHS = "\"Guardian/Preview Content\"";
				DEVELOPMENT_TEAM = F8544XK3Q3;
				ENABLE_PREVIEWS = YES;
				GENERATE_INFOPLIST_FILE = YES;
				INFOPLIST_KEY_UIApplicationSceneManifest_Generation = YES;
				INFOPLIST_KEY_UIApplicationSupportsIndirectInputEvents = YES;
				INFOPLIST_KEY_UILaunchScreen_Generation = YES;
				INFOPLIST_KEY_UISupportedInterfaceOrientations_iPad = "UIInterfaceOrientationPortrait UIInterfaceOrientationPortraitUpsideDown UIInterfaceOrientationLandscapeLeft UIInterfaceOrientationLandscapeRight";
				INFOPLIST_KEY_UISupportedInterfaceOrientations_iPhone = "UIInterfaceOrientationPortrait UIInterfaceOrientationLandscapeLeft UIInterfaceOrientationLandscapeRight";
				IPHONEOS_DEPLOYMENT_TARGET = 15.0;
				LD_RUNPATH_SEARCH_PATHS = (
					"$(inherited)",
					"@executable_path/Frameworks",
				);
				MARKETING_VERSION = 1.0;
				PRODUCT_BUNDLE_IDENTIFIER = com.mapedd.guardian.Guardian;
				PRODUCT_NAME = "$(TARGET_NAME)";
				SWIFT_EMIT_LOC_STRINGS = YES;
				SWIFT_VERSION = 5.0;
				TARGETED_DEVICE_FAMILY = "1,2";
			};
			name = Release;
		};
		04402956270DFCA3007D3C5D /* Debug */ = {
			isa = XCBuildConfiguration;
			buildSettings = {
				ALWAYS_EMBED_SWIFT_STANDARD_LIBRARIES = YES;
				CODE_SIGN_STYLE = Automatic;
				CURRENT_PROJECT_VERSION = 1;
				DEVELOPMENT_TEAM = F8544XK3Q3;
				GENERATE_INFOPLIST_FILE = YES;
				LD_RUNPATH_SEARCH_PATHS = (
					"$(inherited)",
					"@executable_path/Frameworks",
					"@loader_path/Frameworks",
				);
				MARKETING_VERSION = 1.0;
				PRODUCT_BUNDLE_IDENTIFIER = com.mapedd.guardian.GuardianUITests;
				PRODUCT_NAME = "$(TARGET_NAME)";
				SWIFT_EMIT_LOC_STRINGS = NO;
				SWIFT_VERSION = 5.0;
				TARGETED_DEVICE_FAMILY = "1,2";
				TEST_TARGET_NAME = Guardian;
			};
			name = Debug;
		};
		04402957270DFCA3007D3C5D /* Release */ = {
			isa = XCBuildConfiguration;
			buildSettings = {
				ALWAYS_EMBED_SWIFT_STANDARD_LIBRARIES = YES;
				CODE_SIGN_STYLE = Automatic;
				CURRENT_PROJECT_VERSION = 1;
				DEVELOPMENT_TEAM = F8544XK3Q3;
				GENERATE_INFOPLIST_FILE = YES;
				LD_RUNPATH_SEARCH_PATHS = (
					"$(inherited)",
					"@executable_path/Frameworks",
					"@loader_path/Frameworks",
				);
				MARKETING_VERSION = 1.0;
				PRODUCT_BUNDLE_IDENTIFIER = com.mapedd.guardian.GuardianUITests;
				PRODUCT_NAME = "$(TARGET_NAME)";
				SWIFT_EMIT_LOC_STRINGS = NO;
				SWIFT_VERSION = 5.0;
				TARGETED_DEVICE_FAMILY = "1,2";
				TEST_TARGET_NAME = Guardian;
			};
			name = Release;
		};
		047CD1262714D7980068AA8C /* Debug */ = {
			isa = XCBuildConfiguration;
			buildSettings = {
				CODE_SIGN_STYLE = Automatic;
				CURRENT_PROJECT_VERSION = 1;
				DEFINES_MODULE = YES;
				DEVELOPMENT_TEAM = F8544XK3Q3;
				DYLIB_COMPATIBILITY_VERSION = 1;
				DYLIB_CURRENT_VERSION = 1;
				DYLIB_INSTALL_NAME_BASE = "@rpath";
				GENERATE_INFOPLIST_FILE = YES;
				INFOPLIST_KEY_NSHumanReadableCopyright = "";
				INSTALL_PATH = "$(LOCAL_LIBRARY_DIR)/Frameworks";
				LD_RUNPATH_SEARCH_PATHS = (
					"$(inherited)",
					"@executable_path/Frameworks",
					"@loader_path/Frameworks",
				);
				MARKETING_VERSION = 1.0;
				PRODUCT_BUNDLE_IDENTIFIER = com.mapedd.guardian.TestingExtensions;
				PRODUCT_NAME = "$(TARGET_NAME:c99extidentifier)";
				SKIP_INSTALL = YES;
				SWIFT_EMIT_LOC_STRINGS = YES;
				SWIFT_VERSION = 5.0;
				TARGETED_DEVICE_FAMILY = "1,2";
				VERSIONING_SYSTEM = "apple-generic";
				VERSION_INFO_PREFIX = "";
			};
			name = Debug;
		};
		047CD1272714D7980068AA8C /* Release */ = {
			isa = XCBuildConfiguration;
			buildSettings = {
				CODE_SIGN_STYLE = Automatic;
				CURRENT_PROJECT_VERSION = 1;
				DEFINES_MODULE = YES;
				DEVELOPMENT_TEAM = F8544XK3Q3;
				DYLIB_COMPATIBILITY_VERSION = 1;
				DYLIB_CURRENT_VERSION = 1;
				DYLIB_INSTALL_NAME_BASE = "@rpath";
				GENERATE_INFOPLIST_FILE = YES;
				INFOPLIST_KEY_NSHumanReadableCopyright = "";
				INSTALL_PATH = "$(LOCAL_LIBRARY_DIR)/Frameworks";
				LD_RUNPATH_SEARCH_PATHS = (
					"$(inherited)",
					"@executable_path/Frameworks",
					"@loader_path/Frameworks",
				);
				MARKETING_VERSION = 1.0;
				PRODUCT_BUNDLE_IDENTIFIER = com.mapedd.guardian.TestingExtensions;
				PRODUCT_NAME = "$(TARGET_NAME:c99extidentifier)";
				SKIP_INSTALL = YES;
				SWIFT_EMIT_LOC_STRINGS = YES;
				SWIFT_VERSION = 5.0;
				TARGETED_DEVICE_FAMILY = "1,2";
				VERSIONING_SYSTEM = "apple-generic";
				VERSION_INFO_PREFIX = "";
			};
			name = Release;
		};
		04D937D827156C11002DEB55 /* Debug */ = {
			isa = XCBuildConfiguration;
			buildSettings = {
				BUNDLE_LOADER = "$(TEST_HOST)";
				CLANG_ENABLE_MODULES = YES;
				CODE_SIGN_STYLE = Automatic;
				CURRENT_PROJECT_VERSION = 1;
				DEVELOPMENT_TEAM = F8544XK3Q3;
				GENERATE_INFOPLIST_FILE = YES;
				LD_RUNPATH_SEARCH_PATHS = (
					"$(inherited)",
					"@executable_path/Frameworks",
					"@loader_path/Frameworks",
				);
				MARKETING_VERSION = 1.0;
				PRODUCT_BUNDLE_IDENTIFIER = com.mapedd.guardian.GuardianTests;
				PRODUCT_NAME = "$(TARGET_NAME)";
				SWIFT_EMIT_LOC_STRINGS = NO;
				SWIFT_OPTIMIZATION_LEVEL = "-Onone";
				SWIFT_VERSION = 5.0;
				TARGETED_DEVICE_FAMILY = "1,2";
				TEST_HOST = "$(BUILT_PRODUCTS_DIR)/Guardian.app/Guardian";
			};
			name = Debug;
		};
		04D937D927156C11002DEB55 /* Release */ = {
			isa = XCBuildConfiguration;
			buildSettings = {
				BUNDLE_LOADER = "$(TEST_HOST)";
				CLANG_ENABLE_MODULES = YES;
				CODE_SIGN_STYLE = Automatic;
				CURRENT_PROJECT_VERSION = 1;
				DEVELOPMENT_TEAM = F8544XK3Q3;
				GENERATE_INFOPLIST_FILE = YES;
				LD_RUNPATH_SEARCH_PATHS = (
					"$(inherited)",
					"@executable_path/Frameworks",
					"@loader_path/Frameworks",
				);
				MARKETING_VERSION = 1.0;
				PRODUCT_BUNDLE_IDENTIFIER = com.mapedd.guardian.GuardianTests;
				PRODUCT_NAME = "$(TARGET_NAME)";
				SWIFT_EMIT_LOC_STRINGS = NO;
				SWIFT_VERSION = 5.0;
				TARGETED_DEVICE_FAMILY = "1,2";
				TEST_HOST = "$(BUILT_PRODUCTS_DIR)/Guardian.app/Guardian";
			};
			name = Release;
		};
/* End XCBuildConfiguration section */

/* Begin XCConfigurationList section */
		041FBAF7271474360083DB99 /* Build configuration list for PBXNativeTarget "GuardianBackend" */ = {
			isa = XCConfigurationList;
			buildConfigurations = (
				041FBAF3271474360083DB99 /* Debug */,
				041FBAF4271474360083DB99 /* Release */,
			);
			defaultConfigurationIsVisible = 0;
			defaultConfigurationName = Release;
		};
		041FBAF8271474360083DB99 /* Build configuration list for PBXNativeTarget "GuardianBackendTests" */ = {
			isa = XCConfigurationList;
			buildConfigurations = (
				041FBAF5271474360083DB99 /* Debug */,
				041FBAF6271474360083DB99 /* Release */,
			);
			defaultConfigurationIsVisible = 0;
			defaultConfigurationName = Release;
		};
		04402926270DFCA1007D3C5D /* Build configuration list for PBXProject "Guardian" */ = {
			isa = XCConfigurationList;
			buildConfigurations = (
				0440294D270DFCA3007D3C5D /* Debug */,
				0440294E270DFCA3007D3C5D /* Release */,
			);
			defaultConfigurationIsVisible = 0;
			defaultConfigurationName = Release;
		};
		0440294F270DFCA3007D3C5D /* Build configuration list for PBXNativeTarget "Guardian" */ = {
			isa = XCConfigurationList;
			buildConfigurations = (
				04402950270DFCA3007D3C5D /* Debug */,
				04402951270DFCA3007D3C5D /* Release */,
			);
			defaultConfigurationIsVisible = 0;
			defaultConfigurationName = Release;
		};
		04402955270DFCA3007D3C5D /* Build configuration list for PBXNativeTarget "GuardianUITests" */ = {
			isa = XCConfigurationList;
			buildConfigurations = (
				04402956270DFCA3007D3C5D /* Debug */,
				04402957270DFCA3007D3C5D /* Release */,
			);
			defaultConfigurationIsVisible = 0;
			defaultConfigurationName = Release;
		};
		047CD1252714D7980068AA8C /* Build configuration list for PBXNativeTarget "TestingExtensions" */ = {
			isa = XCConfigurationList;
			buildConfigurations = (
				047CD1262714D7980068AA8C /* Debug */,
				047CD1272714D7980068AA8C /* Release */,
			);
			defaultConfigurationIsVisible = 0;
			defaultConfigurationName = Release;
		};
		04D937D727156C11002DEB55 /* Build configuration list for PBXNativeTarget "GuardianTests" */ = {
			isa = XCConfigurationList;
			buildConfigurations = (
				04D937D827156C11002DEB55 /* Debug */,
				04D937D927156C11002DEB55 /* Release */,
			);
			defaultConfigurationIsVisible = 0;
			defaultConfigurationName = Release;
		};
/* End XCConfigurationList section */
	};
	rootObject = 04402923270DFCA1007D3C5D /* Project object */;
}
